
Microsoft Visual Studio Solution File, Format Version 12.00
# Visual Studio 15
VisualStudioVersion = 15.0.28307.852
MinimumVisualStudioVersion = 10.0.40219.1
Project("{FAE04EC0-301F-11D3-BF4B-00C04F79EFBC}") = "Deliverable1", "Deliverable1\Deliverable1.csproj", "{1933DC0F-B1D5-417B-BC6D-6D4BF393BCCC}"
EndProject
Global
	GlobalSection(SolutionConfigurationPlatforms) = preSolution
		Debug|Any CPU = Debug|Any CPU
		Release|Any CPU = Release|Any CPU
	EndGlobalSection
	GlobalSection(ProjectConfigurationPlatforms) = postSolution
		{1933DC0F-B1D5-417B-BC6D-6D4BF393BCCC}.Debug|Any CPU.ActiveCfg = Debug|Any CPU
		{1933DC0F-B1D5-417B-BC6D-6D4BF393BCCC}.Debug|Any CPU.Build.0 = Debug|Any CPU
		{1933DC0F-B1D5-417B-BC6D-6D4BF393BCCC}.Release|Any CPU.ActiveCfg = Release|Any CPU
		{1933DC0F-B1D5-417B-BC6D-6D4BF393BCCC}.Release|Any CPU.Build.0 = Release|Any CPU
	EndGlobalSection
	GlobalSection(SolutionProperties) = preSolution
		HideSolutionNode = FALSE
	EndGlobalSection
	GlobalSection(ExtensibilityGlobals) = postSolution
		SolutionGuid = {C20017B4-3292-417A-99FB-71BA40CF5E77}
	EndGlobalSection
EndGlobal
